// !$*UTF8*$!
{
	archiveVersion = 1;
	classes = {
	};
	objectVersion = 46;
	objects = {

/* Begin PBXBuildFile section */
		DA89589215A0DBE700573E9F /* UIKit.framework in Frameworks */ = {isa = PBXBuildFile; fileRef = DA89589115A0DBE700573E9F /* UIKit.framework */; };
		DA89589415A0DBE700573E9F /* Foundation.framework in Frameworks */ = {isa = PBXBuildFile; fileRef = DA89589315A0DBE700573E9F /* Foundation.framework */; };
		DA89589615A0DBE700573E9F /* CoreGraphics.framework in Frameworks */ = {isa = PBXBuildFile; fileRef = DA89589515A0DBE700573E9F /* CoreGraphics.framework */; };
		DA89589C15A0DBE700573E9F /* InfoPlist.strings in Resources */ = {isa = PBXBuildFile; fileRef = DA89589A15A0DBE700573E9F /* InfoPlist.strings */; };
		DA89589E15A0DBE700573E9F /* main.m in Sources */ = {isa = PBXBuildFile; fileRef = DA89589D15A0DBE700573E9F /* main.m */; };
		DA8958A215A0DBE800573E9F /* CalculatorAppDelegate.m in Sources */ = {isa = PBXBuildFile; fileRef = DA8958A115A0DBE800573E9F /* CalculatorAppDelegate.m */; };
		DA8958A515A0DBE800573E9F /* MainStoryboard.storyboard in Resources */ = {isa = PBXBuildFile; fileRef = DA8958A315A0DBE800573E9F /* MainStoryboard.storyboard */; };
		DA8958A815A0DBE800573E9F /* CalculatorViewController.m in Sources */ = {isa = PBXBuildFile; fileRef = DA8958A715A0DBE800573E9F /* CalculatorViewController.m */; };
/* End PBXBuildFile section */

/* Begin PBXFileReference section */
		DA89588D15A0DBE700573E9F /* Calculator.app */ = {isa = PBXFileReference; explicitFileType = wrapper.application; includeInIndex = 0; path = Calculator.app; sourceTree = BUILT_PRODUCTS_DIR; };
		DA89589115A0DBE700573E9F /* UIKit.framework */ = {isa = PBXFileReference; lastKnownFileType = wrapper.framework; name = UIKit.framework; path = System/Library/Frameworks/UIKit.framework; sourceTree = SDKROOT; };
		DA89589315A0DBE700573E9F /* Foundation.framework */ = {isa = PBXFileReference; lastKnownFileType = wrapper.framework; name = Foundation.framework; path = System/Library/Frameworks/Foundation.framework; sourceTree = SDKROOT; };
		DA89589515A0DBE700573E9F /* CoreGraphics.framework */ = {isa = PBXFileReference; lastKnownFileType = wrapper.framework; name = CoreGraphics.framework; path = System/Library/Frameworks/CoreGraphics.framework; sourceTree = SDKROOT; };
		DA89589915A0DBE700573E9F /* Calculator-Info.plist */ = {isa = PBXFileReference; path = "Calculator-Info.plist"; sourceTree = "<group>"; };
		DA89589B15A0DBE700573E9F /* en */ = {isa = PBXFileReference; lastKnownFileType = text.plist.strings; name = en; path = en.lproj/InfoPlist.strings; sourceTree = "<group>"; };
		DA89589D15A0DBE700573E9F /* main.m */ = {isa = PBXFileReference; lastKnownFileType = sourcecode.c.objc; path = main.m; sourceTree = "<group>"; };
		DA89589F15A0DBE700573E9F /* Calculator-Prefix.pch */ = {isa = PBXFileReference; path = "Calculator-Prefix.pch"; sourceTree = "<group>"; };
		DA8958A015A0DBE700573E9F /* CalculatorAppDelegate.h */ = {isa = PBXFileReference; path = CalculatorAppDelegate.h; sourceTree = "<group>"; };
		DA8958A115A0DBE800573E9F /* CalculatorAppDelegate.m */ = {isa = PBXFileReference; lastKnownFileType = sourcecode.c.objc; path = CalculatorAppDelegate.m; sourceTree = "<group>"; };
		DA8958A415A0DBE800573E9F /* en */ = {isa = PBXFileReference; lastKnownFileType = file.storyboard; name = en; path = en.lproj/MainStoryboard.storyboard; sourceTree = "<group>"; };
		DA8958A615A0DBE800573E9F /* CalculatorViewController.h */ = {isa = PBXFileReference; path = CalculatorViewController.h; sourceTree = "<group>"; };
		DA8958A715A0DBE800573E9F /* CalculatorViewController.m */ = {isa = PBXFileReference; lastKnownFileType = sourcecode.c.objc; path = CalculatorViewController.m; sourceTree = "<group>"; };
/* End PBXFileReference section */

/* Begin PBXFrameworksBuildPhase section */
		DA89588A15A0DBE600573E9F /* Frameworks */ = {
			isa = PBXFrameworksBuildPhase;
			buildActionMask = 2147483647;
			files = (
				DA89589215A0DBE700573E9F /* UIKit.framework in Frameworks */,
				DA89589415A0DBE700573E9F /* Foundation.framework in Frameworks */,
				DA89589615A0DBE700573E9F /* CoreGraphics.framework in Frameworks */,
			);
			runOnlyForDeploymentPostprocessing = 0;
		};
/* End PBXFrameworksBuildPhase section */

/* Begin PBXGroup section */
		DA89588215A0DBE400573E9F = {
			isa = PBXGroup;
			children = (
				DA89589715A0DBE700573E9F /* Calculator */,
				DA89589015A0DBE700573E9F /* Frameworks */,
				DA89588E15A0DBE700573E9F /* Products */,
			);
			sourceTree = "<group>";
		};
		DA89588E15A0DBE700573E9F /* Products */ = {
			isa = PBXGroup;
			children = (
				DA89588D15A0DBE700573E9F /* Calculator.app */,
			);
			name = Products;
			sourceTree = "<group>";
		};
		DA89589015A0DBE700573E9F /* Frameworks */ = {
			isa = PBXGroup;
			children = (
				DA89589115A0DBE700573E9F /* UIKit.framework */,
				DA89589315A0DBE700573E9F /* Foundation.framework */,
				DA89589515A0DBE700573E9F /* CoreGraphics.framework */,
			);
			name = Frameworks;
			sourceTree = "<group>";
		};
		DA89589715A0DBE700573E9F /* Calculator */ = {
			isa = PBXGroup;
			children = (
				DA8958A015A0DBE700573E9F /* CalculatorAppDelegate.h */,
				DA8958A115A0DBE800573E9F /* CalculatorAppDelegate.m */,
				DA8958A315A0DBE800573E9F /* MainStoryboard.storyboard */,
				DA8958A615A0DBE800573E9F /* CalculatorViewController.h */,
				DA8958A715A0DBE800573E9F /* CalculatorViewController.m */,
				DA89589815A0DBE700573E9F /* Supporting Files */,
			);
			path = Calculator;
			sourceTree = "<group>";
		};
		DA89589815A0DBE700573E9F /* Supporting Files */ = {
			isa = PBXGroup;
			children = (
				DA89589915A0DBE700573E9F /* Calculator-Info.plist */,
				DA89589A15A0DBE700573E9F /* InfoPlist.strings */,
				DA89589D15A0DBE700573E9F /* main.m */,
				DA89589F15A0DBE700573E9F /* Calculator-Prefix.pch */,
			);
			name = "Supporting Files";
			sourceTree = "<group>";
		};
/* End PBXGroup section */

/* Begin PBXNativeTarget section */
		DA89588C15A0DBE600573E9F /* Calculator */ = {
			isa = PBXNativeTarget;
			buildConfigurationList = DA8958AB15A0DBE800573E9F /* Build configuration list for PBXNativeTarget "Calculator" */;
			buildPhases = (
				DA89588915A0DBE600573E9F /* Sources */,
				DA89588A15A0DBE600573E9F /* Frameworks */,
				DA89588B15A0DBE600573E9F /* Resources */,
			);
			buildRules = (
			);
			dependencies = (
			);
			name = Calculator;
			productName = Calculator;
			productReference = DA89588D15A0DBE700573E9F /* Calculator.app */;
			productType = "com.apple.product-type.application";
		};
/* End PBXNativeTarget section */

/* Begin PBXProject section */
		DA89588415A0DBE500573E9F /* Project object */ = {
			isa = PBXProject;
			attributes = {
				CLASSPREFIX = Calculator;
				LastUpgradeCheck = 0430;
			};
			buildConfigurationList = DA89588715A0DBE500573E9F /* Build configuration list for PBXProject "Calculator" */;
			compatibilityVersion = "Xcode 3.2";
			developmentRegion = English;
			hasScannedForEncodings = 0;
			knownRegions = (
				en,
			);
			mainGroup = DA89588215A0DBE400573E9F;
			productRefGroup = DA89588E15A0DBE700573E9F /* Products */;
			projectDirPath = "";
			projectRoot = "";
			targets = (
				DA89588C15A0DBE600573E9F /* Calculator */,
			);
		};
/* End PBXProject section */

/* Begin PBXResourcesBuildPhase section */
		DA89588B15A0DBE600573E9F /* Resources */ = {
			isa = PBXResourcesBuildPhase;
			buildActionMask = 2147483647;
			files = (
				DA89589C15A0DBE700573E9F /* InfoPlist.strings in Resources */,
				DA8958A515A0DBE800573E9F /* MainStoryboard.storyboard in Resources */,
			);
			runOnlyForDeploymentPostprocessing = 0;
		};
/* End PBXResourcesBuildPhase section */

/* Begin PBXSourcesBuildPhase section */
		DA89588915A0DBE600573E9F /* Sources */ = {
			isa = PBXSourcesBuildPhase;
			buildActionMask = 2147483647;
			files = (
				DA89589E15A0DBE700573E9F /* main.m in Sources */,
				DA8958A215A0DBE800573E9F /* CalculatorAppDelegate.m in Sources */,
				DA8958A815A0DBE800573E9F /* CalculatorViewController.m in Sources */,
			);
			runOnlyForDeploymentPostprocessing = 0;
		};
/* End PBXSourcesBuildPhase section */

/* Begin PBXVariantGroup section */
		DA89589A15A0DBE700573E9F /* InfoPlist.strings */ = {
			isa = PBXVariantGroup;
			children = (
				DA89589B15A0DBE700573E9F /* en */,
			);
			name = InfoPlist.strings;
			sourceTree = "<group>";
		};
		DA8958A315A0DBE800573E9F /* MainStoryboard.storyboard */ = {
			isa = PBXVariantGroup;
			children = (
				DA8958A415A0DBE800573E9F /* en */,
			);
			name = MainStoryboard.storyboard;
			sourceTree = "<group>";
		};
/* End PBXVariantGroup section */

/* Begin XCBuildConfiguration section */
		DA8958A915A0DBE800573E9F /* Debug */ = {
			isa = XCBuildConfiguration;
			buildSettings = {
				ALWAYS_SEARCH_USER_PATHS = NO;
				ARCHS = "$(ARCHS_STANDARD_32_BIT)";
				CLANG_ENABLE_OBJC_ARC = YES;
				"CODE_SIGN_IDENTITY[sdk=iphoneos*]" = "iPhone Developer";
				COPY_PHASE_STRIP = NO;
				GCC_C_LANGUAGE_STANDARD = gnu99;
				GCC_DYNAMIC_NO_PIC = NO;
				GCC_OPTIMIZATION_LEVEL = 0;
				GCC_PREPROCESSOR_DEFINITIONS = (
					"DEBUG=1",
					"$(inherited)",
				);
				GCC_SYMBOLS_PRIVATE_EXTERN = NO;
				GCC_VERSION = com.apple.compilers.llvm.clang.1_0;
				GCC_WARN_ABOUT_RETURN_TYPE = YES;
				GCC_WARN_UNINITIALIZED_AUTOS = YES;
				GCC_WARN_UNUSED_VARIABLE = YES;
				IPHONEOS_DEPLOYMENT_TARGET = 5.1;
				SDKROOT = iphoneos;
			};
			name = Debug;
		};
		DA8958AA15A0DBE800573E9F /* Release */ = {
			isa = XCBuildConfiguration;
			buildSettings = {
				ALWAYS_SEARCH_USER_PATHS = NO;
				ARCHS = "$(ARCHS_STANDARD_32_BIT)";
				CLANG_ENABLE_OBJC_ARC = YES;
				"CODE_SIGN_IDENTITY[sdk=iphoneos*]" = "iPhone Developer";
				COPY_PHASE_STRIP = YES;
				GCC_C_LANGUAGE_STANDARD = gnu99;
				GCC_VERSION = com.apple.compilers.llvm.clang.1_0;
				GCC_WARN_ABOUT_RETURN_TYPE = YES;
				GCC_WARN_UNINITIALIZED_AUTOS = YES;
				GCC_WARN_UNUSED_VARIABLE = YES;
				IPHONEOS_DEPLOYMENT_TARGET = 5.1;
				OTHER_CFLAGS = "-DNS_BLOCK_ASSERTIONS=1";
				SDKROOT = iphoneos;
				VALIDATE_PRODUCT = YES;
			};
			name = Release;
		};
		DA8958AC15A0DBE800573E9F /* Debug */ = {
			isa = XCBuildConfiguration;
			buildSettings = {
				GCC_PRECOMPILE_PREFIX_HEADER = YES;
				GCC_PREFIX_HEADER = "Calculator/Calculator-Prefix.pch";
				INFOPLIST_FILE = "Calculator/Calculator-Info.plist";
				PRODUCT_NAME = "$(TARGET_NAME)";
				WRAPPER_EXTENSION = app;
			};
			name = Debug;
		};
		DA8958AD15A0DBE800573E9F /* Release */ = {
			isa = XCBuildConfiguration;
			buildSettings = {
				GCC_PRECOMPILE_PREFIX_HEADER = YES;
				GCC_PREFIX_HEADER = "Calculator/Calculator-Prefix.pch";
				INFOPLIST_FILE = "Calculator/Calculator-Info.plist";
				PRODUCT_NAME = "$(TARGET_NAME)";
				WRAPPER_EXTENSION = app;
			};
			name = Release;
		};
/* End XCBuildConfiguration section */

/* Begin XCConfigurationList section */
		DA89588715A0DBE500573E9F /* Build configuration list for PBXProject "Calculator" */ = {
			isa = XCConfigurationList;
			buildConfigurations = (
				DA8958A915A0DBE800573E9F /* Debug */,
				DA8958AA15A0DBE800573E9F /* Release */,
			);
			defaultConfigurationIsVisible = 0;
			defaultConfigurationName = Release;
		};
		DA8958AB15A0DBE800573E9F /* Build configuration list for PBXNativeTarget "Calculator" */ = {
			isa = XCConfigurationList;
			buildConfigurations = (
				DA8958AC15A0DBE800573E9F /* Debug */,
				DA8958AD15A0DBE800573E9F /* Release */,
			);
			defaultConfigurationIsVisible = 0;
		};
/* End XCConfigurationList section */
	};
	rootObject = DA89588415A0DBE500573E9F /* Project object */;
}
